
Microsoft Visual Studio Solution File, Format Version 12.00
# Visual Studio Version 16
VisualStudioVersion = 16.0.30413.136
MinimumVisualStudioVersion = 10.0.40219.1
Project("{FAE04EC0-301F-11D3-BF4B-00C04F79EFBC}") = "HK Calc 2021", "HK Calc 2021.csproj", "{ECFFA3E1-E629-4CE9-9BB7-C5472693349F}"
EndProject
Global
	GlobalSection(SolutionConfigurationPlatforms) = preSolution
		Debug|Any CPU = Debug|Any CPU
		Release|Any CPU = Release|Any CPU
	EndGlobalSection
	GlobalSection(ProjectConfigurationPlatforms) = postSolution
		{ECFFA3E1-E629-4CE9-9BB7-C5472693349F}.Debug|Any CPU.ActiveCfg = Debug|Any CPU
		{ECFFA3E1-E629-4CE9-9BB7-C5472693349F}.Debug|Any CPU.Build.0 = Debug|Any CPU
		{ECFFA3E1-E629-4CE9-9BB7-C5472693349F}.Release|Any CPU.ActiveCfg = Release|Any CPU
		{ECFFA3E1-E629-4CE9-9BB7-C5472693349F}.Release|Any CPU.Build.0 = Release|Any CPU
	EndGlobalSection
	GlobalSection(SolutionProperties) = preSolution
		HideSolutionNode = FALSE
	EndGlobalSection
	GlobalSection(ExtensibilityGlobals) = postSolution
		SolutionGuid = {CF9D5A24-8297-45ED-9185-0A6E0355B9AA}
	EndGlobalSection
EndGlobal
